
Microsoft Visual Studio Solution File, Format Version 12.00
# Visual Studio Version 16
VisualStudioVersion = 16.0.31702.278
MinimumVisualStudioVersion = 10.0.40219.1
Project("{FAE04EC0-301F-11D3-BF4B-00C04F79EFBC}") = "ShopMVC", "ShopMVC.csproj", "{FFCE3B83-C3DD-4BD7-8908-8E2CECABEC91}"
EndProject
Global
	GlobalSection(SolutionConfigurationPlatforms) = preSolution
		Debug|Any CPU = Debug|Any CPU
		Release|Any CPU = Release|Any CPU
	EndGlobalSection
	GlobalSection(ProjectConfigurationPlatforms) = postSolution
		{FFCE3B83-C3DD-4BD7-8908-8E2CECABEC91}.Debug|Any CPU.ActiveCfg = Debug|Any CPU
		{FFCE3B83-C3DD-4BD7-8908-8E2CECABEC91}.Debug|Any CPU.Build.0 = Debug|Any CPU
		{FFCE3B83-C3DD-4BD7-8908-8E2CECABEC91}.Release|Any CPU.ActiveCfg = Release|Any CPU
		{FFCE3B83-C3DD-4BD7-8908-8E2CECABEC91}.Release|Any CPU.Build.0 = Release|Any CPU
	EndGlobalSection
	GlobalSection(SolutionProperties) = preSolution
		HideSolutionNode = FALSE
	EndGlobalSection
	GlobalSection(ExtensibilityGlobals) = postSolution
		SolutionGuid = {F283490E-E8B7-49EA-A7E3-594C4AAC16C3}
	EndGlobalSection
EndGlobal
